<?xml version="1.0" encoding="utf-8"?>
<Project ToolsVersion="4.0" xmlns="http://schemas.microsoft.com/developer/msbuild/2003">
  <ItemGroup>
    <Filter Include="Bandit">
      <UniqueIdentifier>{0c1ed8a7-4a56-4870-961f-b42ae4774466}</UniqueIdentifier>
    </Filter>
    <Filter Include="Bandit\src">
      <UniqueIdentifier>{5766df57-b47d-4a75-ab9d-3124386f7691}</UniqueIdentifier>
    </Filter>
    <Filter Include="Bandit\test">
      <UniqueIdentifier>{55c65133-575d-4dff-b774-27d957d77cf1}</UniqueIdentifier>
    </Filter>
    <Filter Include="Bandit\src\Events">
      <UniqueIdentifier>{38401c99-8e5f-4fdd-bb16-410b249d27ec}</UniqueIdentifier>
    </Filter>
  </ItemGroup>
  <ItemGroup>
    <ClCompile Include="Bandit\src\Application.cpp">
      <Filter>Bandit\src</Filter>
    </ClCompile>
    <ClCompile Include="Bandit\test\test.cpp">
      <Filter>Bandit\test</Filter>
    </ClCompile>
    <ClCompile Include="Bandit\src\Logger.cpp">
      <Filter>Bandit\src</Filter>
    </ClCompile>
    <ClCompile Include="Bandit\bpch.cpp">
      <Filter>Bandit</Filter>
    </ClCompile>
    <ClCompile Include="Bandit\src\EventDispatcher.cpp">
      <Filter>Bandit\src\Events</Filter>
    </ClCompile>
    <ClCompile Include="Bandit\src\KeyPressedEvent.cpp">
      <Filter>Bandit\src\Events</Filter>
    </ClCompile>
    <ClCompile Include="Bandit\src\WindowCloseEvent.cpp">
      <Filter>Bandit\src\Events</Filter>
    </ClCompile>
  </ItemGroup>
  <ItemGroup>
    <ClInclude Include="Bandit\src\Application.h">
      <Filter>Bandit\src</Filter>
    </ClInclude>
    <ClInclude Include="Bandit\src\Core.h">
      <Filter>Bandit\src</Filter>
    </ClInclude>
    <ClInclude Include="Bandit\test\test.h">
      <Filter>Bandit\test</Filter>
    </ClInclude>
    <ClInclude Include="Bandit\Bandit.h">
      <Filter>Bandit</Filter>
    </ClInclude>
    <ClInclude Include="Bandit\src\EntryPoint.h">
      <Filter>Bandit\src</Filter>
    </ClInclude>
    <ClInclude Include="Bandit\src\Logger.h">
      <Filter>Bandit\src</Filter>
    </ClInclude>
    <ClInclude Include="Bandit\src\IEvent.h">
      <Filter>Bandit\src\Events</Filter>
    </ClInclude>
    <ClInclude Include="Bandit\bpch.h">
      <Filter>Bandit</Filter>
    </ClInclude>
    <ClInclude Include="Bandit\src\EventDispatcher.h">
      <Filter>Bandit\src\Events</Filter>
    </ClInclude>
    <ClInclude Include="Bandit\src\KeyPressedEvent.h">
      <Filter>Bandit\src\Events</Filter>
    </ClInclude>
    <ClInclude Include="Bandit\src\WindowCloseEvent.h">
      <Filter>Bandit\src\Events</Filter>
    </ClInclude>
    <ClInclude Include="Bandit\src\ApplicationEvents.h">
      <Filter>Bandit\src\Events</Filter>
    </ClInclude>
  </ItemGroup>
</Project>